
Microsoft Visual Studio Solution File, Format Version 12.00
# Visual Studio Version 17
VisualStudioVersion = 17.12.35527.113 d17.12
MinimumVisualStudioVersion = 10.0.40219.1
Project("{FAE04EC0-301F-11D3-BF4B-00C04F79EFBC}") = "workshap my", "workshap my\workshap my.csproj", "{EC325281-5459-4263-9069-1077974FFC86}"
EndProject
Global
	GlobalSection(SolutionConfigurationPlatforms) = preSolution
		Debug|Any CPU = Debug|Any CPU
		Release|Any CPU = Release|Any CPU
	EndGlobalSection
	GlobalSection(ProjectConfigurationPlatforms) = postSolution
		{EC325281-5459-4263-9069-1077974FFC86}.Debug|Any CPU.ActiveCfg = Debug|Any CPU
		{EC325281-5459-4263-9069-1077974FFC86}.Debug|Any CPU.Build.0 = Debug|Any CPU
		{EC325281-5459-4263-9069-1077974FFC86}.Release|Any CPU.ActiveCfg = Release|Any CPU
		{EC325281-5459-4263-9069-1077974FFC86}.Release|Any CPU.Build.0 = Release|Any CPU
	EndGlobalSection
	GlobalSection(SolutionProperties) = preSolution
		HideSolutionNode = FALSE
	EndGlobalSection
EndGlobal
